// !$*UTF8*$!
{
	archiveVersion = 1;
	classes = {
	};
	objectVersion = 50;
	objects = {

/* Begin PBXBuildFile section */
		AA446431253243840091896A /* AppDelegate.swift in Sources */ = {isa = PBXBuildFile; fileRef = AA446430253243840091896A /* AppDelegate.swift */; };
		AA446433253243840091896A /* SceneDelegate.swift in Sources */ = {isa = PBXBuildFile; fileRef = AA446432253243840091896A /* SceneDelegate.swift */; };
		AA44643A253243880091896A /* Assets.xcassets in Resources */ = {isa = PBXBuildFile; fileRef = AA446439253243880091896A /* Assets.xcassets */; };
		AA44643D253243880091896A /* LaunchScreen.storyboard in Resources */ = {isa = PBXBuildFile; fileRef = AA44643B253243880091896A /* LaunchScreen.storyboard */; };
		AA4DA5412533BC3C00BF435E /* HomeVC.swift in Sources */ = {isa = PBXBuildFile; fileRef = AA4DA5402533BC3C00BF435E /* HomeVC.swift */; };
		AA4DA54B2533E6AF00BF435E /* Main.storyboard in Resources */ = {isa = PBXBuildFile; fileRef = AA4DA54A2533E6AF00BF435E /* Main.storyboard */; };
		AA4DA54F2535163900BF435E /* ProfileVC.swift in Sources */ = {isa = PBXBuildFile; fileRef = AA4DA54E2535163800BF435E /* ProfileVC.swift */; };
		AA4DA555253628D500BF435E /* Model.xcdatamodeld in Sources */ = {isa = PBXBuildFile; fileRef = AA4DA553253628D400BF435E /* Model.xcdatamodeld */; };
		AA4DA56325374FE200BF435E /* ImageManager.swift in Sources */ = {isa = PBXBuildFile; fileRef = AA4DA56225374FE100BF435E /* ImageManager.swift */; };
		AA5BD7BC2541907A00D5D553 /* HomeTableViewCell.swift in Sources */ = {isa = PBXBuildFile; fileRef = AA5BD7BA2541907A00D5D553 /* HomeTableViewCell.swift */; };
		AA5BD7BD2541907A00D5D553 /* HomeTableViewCell.xib in Resources */ = {isa = PBXBuildFile; fileRef = AA5BD7BB2541907A00D5D553 /* HomeTableViewCell.xib */; };
		AA9095F625532DE800377845 /* AddScreenVC.swift in Sources */ = {isa = PBXBuildFile; fileRef = AA9095F425532DE800377845 /* AddScreenVC.swift */; };
		AA9095F725532DE800377845 /* AddScreenVC.xib in Resources */ = {isa = PBXBuildFile; fileRef = AA9095F525532DE800377845 /* AddScreenVC.xib */; };
		AA9AAB242538B54A0003203C /* Post+CoreDataClass.swift in Sources */ = {isa = PBXBuildFile; fileRef = AA9AAB202538B54A0003203C /* Post+CoreDataClass.swift */; };
		AA9AAB252538B54A0003203C /* Post+CoreDataProperties.swift in Sources */ = {isa = PBXBuildFile; fileRef = AA9AAB212538B54A0003203C /* Post+CoreDataProperties.swift */; };
		AA9AAB262538B54A0003203C /* Comment+CoreDataClass.swift in Sources */ = {isa = PBXBuildFile; fileRef = AA9AAB222538B54A0003203C /* Comment+CoreDataClass.swift */; };
		AA9AAB272538B54A0003203C /* Comment+CoreDataProperties.swift in Sources */ = {isa = PBXBuildFile; fileRef = AA9AAB232538B54A0003203C /* Comment+CoreDataProperties.swift */; };
		AA9AAB2A2538C2BE0003203C /* DetailVC.swift in Sources */ = {isa = PBXBuildFile; fileRef = AA9AAB292538C2BE0003203C /* DetailVC.swift */; };
/* End PBXBuildFile section */

/* Begin PBXFileReference section */
		AA44642D253243840091896A /* InstagramClone_mine.app */ = {isa = PBXFileReference; explicitFileType = wrapper.application; includeInIndex = 0; path = InstagramClone_mine.app; sourceTree = BUILT_PRODUCTS_DIR; };
		AA446430253243840091896A /* AppDelegate.swift */ = {isa = PBXFileReference; lastKnownFileType = sourcecode.swift; path = AppDelegate.swift; sourceTree = "<group>"; };
		AA446432253243840091896A /* SceneDelegate.swift */ = {isa = PBXFileReference; lastKnownFileType = sourcecode.swift; path = SceneDelegate.swift; sourceTree = "<group>"; };
		AA446439253243880091896A /* Assets.xcassets */ = {isa = PBXFileReference; lastKnownFileType = folder.assetcatalog; path = Assets.xcassets; sourceTree = "<group>"; };
		AA44643C253243880091896A /* Base */ = {isa = PBXFileReference; lastKnownFileType = file.storyboard; name = Base; path = Base.lproj/LaunchScreen.storyboard; sourceTree = "<group>"; };
		AA44643E253243880091896A /* Info.plist */ = {isa = PBXFileReference; lastKnownFileType = text.plist.xml; path = Info.plist; sourceTree = "<group>"; };
		AA4DA5402533BC3C00BF435E /* HomeVC.swift */ = {isa = PBXFileReference; lastKnownFileType = sourcecode.swift; path = HomeVC.swift; sourceTree = "<group>"; };
		AA4DA54A2533E6AF00BF435E /* Main.storyboard */ = {isa = PBXFileReference; lastKnownFileType = file.storyboard; path = Main.storyboard; sourceTree = "<group>"; };
		AA4DA54E2535163800BF435E /* ProfileVC.swift */ = {isa = PBXFileReference; lastKnownFileType = sourcecode.swift; path = ProfileVC.swift; sourceTree = "<group>"; };
		AA4DA554253628D400BF435E /* Model.xcdatamodel */ = {isa = PBXFileReference; lastKnownFileType = wrapper.xcdatamodel; path = Model.xcdatamodel; sourceTree = "<group>"; };
		AA4DA56225374FE100BF435E /* ImageManager.swift */ = {isa = PBXFileReference; lastKnownFileType = sourcecode.swift; path = ImageManager.swift; sourceTree = "<group>"; };
		AA5BD7BA2541907A00D5D553 /* HomeTableViewCell.swift */ = {isa = PBXFileReference; lastKnownFileType = sourcecode.swift; name = HomeTableViewCell.swift; path = InstagramClone_mine/HomeTableViewCell.swift; sourceTree = SOURCE_ROOT; };
		AA5BD7BB2541907A00D5D553 /* HomeTableViewCell.xib */ = {isa = PBXFileReference; lastKnownFileType = file.xib; name = HomeTableViewCell.xib; path = InstagramClone_mine/HomeTableViewCell.xib; sourceTree = SOURCE_ROOT; };
		AA9095F425532DE800377845 /* AddScreenVC.swift */ = {isa = PBXFileReference; lastKnownFileType = sourcecode.swift; path = AddScreenVC.swift; sourceTree = "<group>"; };
		AA9095F525532DE800377845 /* AddScreenVC.xib */ = {isa = PBXFileReference; lastKnownFileType = file.xib; path = AddScreenVC.xib; sourceTree = "<group>"; };
		AA9AAB202538B54A0003203C /* Post+CoreDataClass.swift */ = {isa = PBXFileReference; lastKnownFileType = sourcecode.swift; path = "Post+CoreDataClass.swift"; sourceTree = "<group>"; };
		AA9AAB212538B54A0003203C /* Post+CoreDataProperties.swift */ = {isa = PBXFileReference; lastKnownFileType = sourcecode.swift; path = "Post+CoreDataProperties.swift"; sourceTree = "<group>"; };
		AA9AAB222538B54A0003203C /* Comment+CoreDataClass.swift */ = {isa = PBXFileReference; lastKnownFileType = sourcecode.swift; path = "Comment+CoreDataClass.swift"; sourceTree = "<group>"; };
		AA9AAB232538B54A0003203C /* Comment+CoreDataProperties.swift */ = {isa = PBXFileReference; lastKnownFileType = sourcecode.swift; path = "Comment+CoreDataProperties.swift"; sourceTree = "<group>"; };
		AA9AAB292538C2BE0003203C /* DetailVC.swift */ = {isa = PBXFileReference; lastKnownFileType = sourcecode.swift; path = DetailVC.swift; sourceTree = "<group>"; };
/* End PBXFileReference section */

/* Begin PBXFrameworksBuildPhase section */
		AA44642A253243840091896A /* Frameworks */ = {
			isa = PBXFrameworksBuildPhase;
			buildActionMask = 2147483647;
			files = (
			);
			runOnlyForDeploymentPostprocessing = 0;
		};
/* End PBXFrameworksBuildPhase section */

/* Begin PBXGroup section */
		AA446424253243840091896A = {
			isa = PBXGroup;
			children = (
				AA44642F253243840091896A /* InstagramClone_mine */,
				AA44642E253243840091896A /* Products */,
			);
			sourceTree = "<group>";
		};
		AA44642E253243840091896A /* Products */ = {
			isa = PBXGroup;
			children = (
				AA44642D253243840091896A /* InstagramClone_mine.app */,
			);
			name = Products;
			sourceTree = "<group>";
		};
		AA44642F253243840091896A /* InstagramClone_mine */ = {
			isa = PBXGroup;
			children = (
				AA4DA55C25363DF200BF435E /* Model */,
				AA446430253243840091896A /* AppDelegate.swift */,
				AA446432253243840091896A /* SceneDelegate.swift */,
				AA4DA5402533BC3C00BF435E /* HomeVC.swift */,
				AA4DA54E2535163800BF435E /* ProfileVC.swift */,
				AA9AAB292538C2BE0003203C /* DetailVC.swift */,
				AA4DA56225374FE100BF435E /* ImageManager.swift */,
				AA4DA54A2533E6AF00BF435E /* Main.storyboard */,
				AA44643B253243880091896A /* LaunchScreen.storyboard */,
				AA446439253243880091896A /* Assets.xcassets */,
				AA44643E253243880091896A /* Info.plist */,
				AA4DA553253628D400BF435E /* Model.xcdatamodeld */,
				AA5BD7BA2541907A00D5D553 /* HomeTableViewCell.swift */,
				AA5BD7BB2541907A00D5D553 /* HomeTableViewCell.xib */,
				AA9095F425532DE800377845 /* AddScreenVC.swift */,
				AA9095F525532DE800377845 /* AddScreenVC.xib */,
			);
			path = InstagramClone_mine;
			sourceTree = "<group>";
		};
		AA4DA55C25363DF200BF435E /* Model */ = {
			isa = PBXGroup;
			children = (
				AA9AAB202538B54A0003203C /* Post+CoreDataClass.swift */,
				AA9AAB212538B54A0003203C /* Post+CoreDataProperties.swift */,
				AA9AAB222538B54A0003203C /* Comment+CoreDataClass.swift */,
				AA9AAB232538B54A0003203C /* Comment+CoreDataProperties.swift */,
			);
			path = Model;
			sourceTree = "<group>";
		};
/* End PBXGroup section */

/* Begin PBXNativeTarget section */
		AA44642C253243840091896A /* InstagramClone_mine */ = {
			isa = PBXNativeTarget;
			buildConfigurationList = AA446441253243880091896A /* Build configuration list for PBXNativeTarget "InstagramClone_mine" */;
			buildPhases = (
				AA446429253243840091896A /* Sources */,
				AA44642A253243840091896A /* Frameworks */,
				AA44642B253243840091896A /* Resources */,
			);
			buildRules = (
			);
			dependencies = (
			);
			name = InstagramClone_mine;
			productName = InstagramClone_mine;
			productReference = AA44642D253243840091896A /* InstagramClone_mine.app */;
			productType = "com.apple.product-type.application";
		};
/* End PBXNativeTarget section */

/* Begin PBXProject section */
		AA446425253243840091896A /* Project object */ = {
			isa = PBXProject;
			attributes = {
				LastSwiftUpdateCheck = 1200;
				LastUpgradeCheck = 1200;
				TargetAttributes = {
					AA44642C253243840091896A = {
						CreatedOnToolsVersion = 12.0.1;
					};
				};
			};
			buildConfigurationList = AA446428253243840091896A /* Build configuration list for PBXProject "InstagramClone_mine" */;
			compatibilityVersion = "Xcode 9.3";
			developmentRegion = en;
			hasScannedForEncodings = 0;
			knownRegions = (
				en,
				Base,
			);
			mainGroup = AA446424253243840091896A;
			productRefGroup = AA44642E253243840091896A /* Products */;
			projectDirPath = "";
			projectRoot = "";
			targets = (
				AA44642C253243840091896A /* InstagramClone_mine */,
			);
		};
/* End PBXProject section */

/* Begin PBXResourcesBuildPhase section */
		AA44642B253243840091896A /* Resources */ = {
			isa = PBXResourcesBuildPhase;
			buildActionMask = 2147483647;
			files = (
				AA4DA54B2533E6AF00BF435E /* Main.storyboard in Resources */,
				AA44643D253243880091896A /* LaunchScreen.storyboard in Resources */,
				AA9095F725532DE800377845 /* AddScreenVC.xib in Resources */,
				AA5BD7BD2541907A00D5D553 /* HomeTableViewCell.xib in Resources */,
				AA44643A253243880091896A /* Assets.xcassets in Resources */,
			);
			runOnlyForDeploymentPostprocessing = 0;
		};
/* End PBXResourcesBuildPhase section */

/* Begin PBXSourcesBuildPhase section */
		AA446429253243840091896A /* Sources */ = {
			isa = PBXSourcesBuildPhase;
			buildActionMask = 2147483647;
			files = (
				AA446431253243840091896A /* AppDelegate.swift in Sources */,
				AA4DA5412533BC3C00BF435E /* HomeVC.swift in Sources */,
				AA9095F625532DE800377845 /* AddScreenVC.swift in Sources */,
				AA5BD7BC2541907A00D5D553 /* HomeTableViewCell.swift in Sources */,
				AA9AAB2A2538C2BE0003203C /* DetailVC.swift in Sources */,
				AA4DA54F2535163900BF435E /* ProfileVC.swift in Sources */,
				AA9AAB252538B54A0003203C /* Post+CoreDataProperties.swift in Sources */,
				AA4DA56325374FE200BF435E /* ImageManager.swift in Sources */,
				AA9AAB242538B54A0003203C /* Post+CoreDataClass.swift in Sources */,
				AA9AAB262538B54A0003203C /* Comment+CoreDataClass.swift in Sources */,
				AA446433253243840091896A /* SceneDelegate.swift in Sources */,
				AA9AAB272538B54A0003203C /* Comment+CoreDataProperties.swift in Sources */,
				AA4DA555253628D500BF435E /* Model.xcdatamodeld in Sources */,
			);
			runOnlyForDeploymentPostprocessing = 0;
		};
/* End PBXSourcesBuildPhase section */

/* Begin PBXVariantGroup section */
		AA44643B253243880091896A /* LaunchScreen.storyboard */ = {
			isa = PBXVariantGroup;
			children = (
				AA44643C253243880091896A /* Base */,
			);
			name = LaunchScreen.storyboard;
			sourceTree = "<group>";
		};
/* End PBXVariantGroup section */

/* Begin XCBuildConfiguration section */
		AA44643F253243880091896A /* Debug */ = {
			isa = XCBuildConfiguration;
			buildSettings = {
				ALWAYS_SEARCH_USER_PATHS = NO;
				CLANG_ANALYZER_NONNULL = YES;
				CLANG_ANALYZER_NUMBER_OBJECT_CONVERSION = YES_AGGRESSIVE;
				CLANG_CXX_LANGUAGE_STANDARD = "gnu++14";
				CLANG_CXX_LIBRARY = "libc++";
				CLANG_ENABLE_MODULES = YES;
				CLANG_ENABLE_OBJC_ARC = YES;
				CLANG_ENABLE_OBJC_WEAK = YES;
				CLANG_WARN_BLOCK_CAPTURE_AUTORELEASING = YES;
				CLANG_WARN_BOOL_CONVERSION = YES;
				CLANG_WARN_COMMA = YES;
				CLANG_WARN_CONSTANT_CONVERSION = YES;
				CLANG_WARN_DEPRECATED_OBJC_IMPLEMENTATIONS = YES;
				CLANG_WARN_DIRECT_OBJC_ISA_USAGE = YES_ERROR;
				CLANG_WARN_DOCUMENTATION_COMMENTS = YES;
				CLANG_WARN_EMPTY_BODY = YES;
				CLANG_WARN_ENUM_CONVERSION = YES;
				CLANG_WARN_INFINITE_RECURSION = YES;
				CLANG_WARN_INT_CONVERSION = YES;
				CLANG_WARN_NON_LITERAL_NULL_CONVERSION = YES;
				CLANG_WARN_OBJC_IMPLICIT_RETAIN_SELF = YES;
				CLANG_WARN_OBJC_LITERAL_CONVERSION = YES;
				CLANG_WARN_OBJC_ROOT_CLASS = YES_ERROR;
				CLANG_WARN_QUOTED_INCLUDE_IN_FRAMEWORK_HEADER = YES;
				CLANG_WARN_RANGE_LOOP_ANALYSIS = YES;
				CLANG_WARN_STRICT_PROTOTYPES = YES;
				CLANG_WARN_SUSPICIOUS_MOVE = YES;
				CLANG_WARN_UNGUARDED_AVAILABILITY = YES_AGGRESSIVE;
				CLANG_WARN_UNREACHABLE_CODE = YES;
				CLANG_WARN__DUPLICATE_METHOD_MATCH = YES;
				COPY_PHASE_STRIP = NO;
				DEBUG_INFORMATION_FORMAT = dwarf;
				ENABLE_STRICT_OBJC_MSGSEND = YES;
				ENABLE_TESTABILITY = YES;
				GCC_C_LANGUAGE_STANDARD = gnu11;
				GCC_DYNAMIC_NO_PIC = NO;
				GCC_NO_COMMON_BLOCKS = YES;
				GCC_OPTIMIZATION_LEVEL = 0;
				GCC_PREPROCESSOR_DEFINITIONS = (
					"DEBUG=1",
					"$(inherited)",
				);
				GCC_WARN_64_TO_32_BIT_CONVERSION = YES;
				GCC_WARN_ABOUT_RETURN_TYPE = YES_ERROR;
				GCC_WARN_UNDECLARED_SELECTOR = YES;
				GCC_WARN_UNINITIALIZED_AUTOS = YES_AGGRESSIVE;
				GCC_WARN_UNUSED_FUNCTION = YES;
				GCC_WARN_UNUSED_VARIABLE = YES;
				IPHONEOS_DEPLOYMENT_TARGET = 14.0;
				MTL_ENABLE_DEBUG_INFO = INCLUDE_SOURCE;
				MTL_FAST_MATH = YES;
				ONLY_ACTIVE_ARCH = YES;
				SDKROOT = iphoneos;
				SWIFT_ACTIVE_COMPILATION_CONDITIONS = DEBUG;
				SWIFT_OPTIMIZATION_LEVEL = "-Onone";
			};
			name = Debug;
		};
		AA446440253243880091896A /* Release */ = {
			isa = XCBuildConfiguration;
			buildSettings = {
				ALWAYS_SEARCH_USER_PATHS = NO;
				CLANG_ANALYZER_NONNULL = YES;
				CLANG_ANALYZER_NUMBER_OBJECT_CONVERSION = YES_AGGRESSIVE;
				CLANG_CXX_LANGUAGE_STANDARD = "gnu++14";
				CLANG_CXX_LIBRARY = "libc++";
				CLANG_ENABLE_MODULES = YES;
				CLANG_ENABLE_OBJC_ARC = YES;
				CLANG_ENABLE_OBJC_WEAK = YES;
				CLANG_WARN_BLOCK_CAPTURE_AUTORELEASING = YES;
				CLANG_WARN_BOOL_CONVERSION = YES;
				CLANG_WARN_COMMA = YES;
				CLANG_WARN_CONSTANT_CONVERSION = YES;
				CLANG_WARN_DEPRECATED_OBJC_IMPLEMENTATIONS = YES;
				CLANG_WARN_DIRECT_OBJC_ISA_USAGE = YES_ERROR;
				CLANG_WARN_DOCUMENTATION_COMMENTS = YES;
				CLANG_WARN_EMPTY_BODY = YES;
				CLANG_WARN_ENUM_CONVERSION = YES;
				CLANG_WARN_INFINITE_RECURSION = YES;
				CLANG_WARN_INT_CONVERSION = YES;
				CLANG_WARN_NON_LITERAL_NULL_CONVERSION = YES;
				CLANG_WARN_OBJC_IMPLICIT_RETAIN_SELF = YES;
				CLANG_WARN_OBJC_LITERAL_CONVERSION = YES;
				CLANG_WARN_OBJC_ROOT_CLASS = YES_ERROR;
				CLANG_WARN_QUOTED_INCLUDE_IN_FRAMEWORK_HEADER = YES;
				CLANG_WARN_RANGE_LOOP_ANALYSIS = YES;
				CLANG_WARN_STRICT_PROTOTYPES = YES;
				CLANG_WARN_SUSPICIOUS_MOVE = YES;
				CLANG_WARN_UNGUARDED_AVAILABILITY = YES_AGGRESSIVE;
				CLANG_WARN_UNREACHABLE_CODE = YES;
				CLANG_WARN__DUPLICATE_METHOD_MATCH = YES;
				COPY_PHASE_STRIP = NO;
				DEBUG_INFORMATION_FORMAT = "dwarf-with-dsym";
				ENABLE_NS_ASSERTIONS = NO;
				ENABLE_STRICT_OBJC_MSGSEND = YES;
				GCC_C_LANGUAGE_STANDARD = gnu11;
				GCC_NO_COMMON_BLOCKS = YES;
				GCC_WARN_64_TO_32_BIT_CONVERSION = YES;
				GCC_WARN_ABOUT_RETURN_TYPE = YES_ERROR;
				GCC_WARN_UNDECLARED_SELECTOR = YES;
				GCC_WARN_UNINITIALIZED_AUTOS = YES_AGGRESSIVE;
				GCC_WARN_UNUSED_FUNCTION = YES;
				GCC_WARN_UNUSED_VARIABLE = YES;
				IPHONEOS_DEPLOYMENT_TARGET = 14.0;
				MTL_ENABLE_DEBUG_INFO = NO;
				MTL_FAST_MATH = YES;
				SDKROOT = iphoneos;
				SWIFT_COMPILATION_MODE = wholemodule;
				SWIFT_OPTIMIZATION_LEVEL = "-O";
				VALIDATE_PRODUCT = YES;
			};
			name = Release;
		};
		AA446442253243880091896A /* Debug */ = {
			isa = XCBuildConfiguration;
			buildSettings = {
				ASSETCATALOG_COMPILER_APPICON_NAME = AppIcon;
				ASSETCATALOG_COMPILER_GLOBAL_ACCENT_COLOR_NAME = AccentColor;
				CODE_SIGN_STYLE = Automatic;
				DEVELOPMENT_TEAM = 3HV23S92WL;
				INFOPLIST_FILE = InstagramClone_mine/Info.plist;
				LD_RUNPATH_SEARCH_PATHS = (
					"$(inherited)",
					"@executable_path/Frameworks",
				);
				PRODUCT_BUNDLE_IDENTIFIER = "com.pazderka.InstagramClone-mine";
				PRODUCT_NAME = "$(TARGET_NAME)";
				SWIFT_VERSION = 5.0;
				TARGETED_DEVICE_FAMILY = "1,2";
			};
			name = Debug;
		};
		AA446443253243880091896A /* Release */ = {
			isa = XCBuildConfiguration;
			buildSettings = {
				ASSETCATALOG_COMPILER_APPICON_NAME = AppIcon;
				ASSETCATALOG_COMPILER_GLOBAL_ACCENT_COLOR_NAME = AccentColor;
				CODE_SIGN_STYLE = Automatic;
				DEVELOPMENT_TEAM = 3HV23S92WL;
				INFOPLIST_FILE = InstagramClone_mine/Info.plist;
				LD_RUNPATH_SEARCH_PATHS = (
					"$(inherited)",
					"@executable_path/Frameworks",
				);
				PRODUCT_BUNDLE_IDENTIFIER = "com.pazderka.InstagramClone-mine";
				PRODUCT_NAME = "$(TARGET_NAME)";
				SWIFT_VERSION = 5.0;
				TARGETED_DEVICE_FAMILY = "1,2";
			};
			name = Release;
		};
/* End XCBuildConfiguration section */

/* Begin XCConfigurationList section */
		AA446428253243840091896A /* Build configuration list for PBXProject "InstagramClone_mine" */ = {
			isa = XCConfigurationList;
			buildConfigurations = (
				AA44643F253243880091896A /* Debug */,
				AA446440253243880091896A /* Release */,
			);
			defaultConfigurationIsVisible = 0;
			defaultConfigurationName = Release;
		};
		AA446441253243880091896A /* Build configuration list for PBXNativeTarget "InstagramClone_mine" */ = {
			isa = XCConfigurationList;
			buildConfigurations = (
				AA446442253243880091896A /* Debug */,
				AA446443253243880091896A /* Release */,
			);
			defaultConfigurationIsVisible = 0;
			defaultConfigurationName = Release;
		};
/* End XCConfigurationList section */

/* Begin XCVersionGroup section */
		AA4DA553253628D400BF435E /* Model.xcdatamodeld */ = {
			isa = XCVersionGroup;
			children = (
				AA4DA554253628D400BF435E /* Model.xcdatamodel */,
			);
			currentVersion = AA4DA554253628D400BF435E /* Model.xcdatamodel */;
			path = Model.xcdatamodeld;
			sourceTree = "<group>";
			versionGroupType = wrapper.xcdatamodel;
		};
/* End XCVersionGroup section */
	};
	rootObject = AA446425253243840091896A /* Project object */;
}
